
Microsoft Visual Studio Solution File, Format Version 12.00
# Visual Studio Express 2013 for Web
VisualStudioVersion = 12.0.30110.0
MinimumVisualStudioVersion = 10.0.40219.1
Project("{FAE04EC0-301F-11D3-BF4B-00C04F79EFBC}") = "LEARNING_AJAX", "LEARNING_AJAX\LEARNING_AJAX.csproj", "{B668973F-C6AB-4A41-91F2-670FFA3DC8CF}"
EndProject
Global
	GlobalSection(SolutionConfigurationPlatforms) = preSolution
		Debug|Any CPU = Debug|Any CPU
		Release|Any CPU = Release|Any CPU
	EndGlobalSection
	GlobalSection(ProjectConfigurationPlatforms) = postSolution
		{B668973F-C6AB-4A41-91F2-670FFA3DC8CF}.Debug|Any CPU.ActiveCfg = Debug|Any CPU
		{B668973F-C6AB-4A41-91F2-670FFA3DC8CF}.Debug|Any CPU.Build.0 = Debug|Any CPU
		{B668973F-C6AB-4A41-91F2-670FFA3DC8CF}.Release|Any CPU.ActiveCfg = Release|Any CPU
		{B668973F-C6AB-4A41-91F2-670FFA3DC8CF}.Release|Any CPU.Build.0 = Release|Any CPU
	EndGlobalSection
	GlobalSection(SolutionProperties) = preSolution
		HideSolutionNode = FALSE
	EndGlobalSection
EndGlobal
